
Microsoft Visual Studio Solution File, Format Version 12.00
# Visual Studio Version 17
VisualStudioVersion = 17.13.35931.197 d17.13
MinimumVisualStudioVersion = 10.0.40219.1
Project("{FAE04EC0-301F-11D3-BF4B-00C04F79EFBC}") = "TooliRent", "TooliRent\TooliRent.csproj", "{AA974FDA-2289-4C49-AE55-23BED79EE1E0}"
EndProject
Project("{FAE04EC0-301F-11D3-BF4B-00C04F79EFBC}") = "TooliRent.Core", "TooliRent.Core\TooliRent.Core.csproj", "{CA06CFFE-DE76-4FE9-B4E8-8B06A9F5E49E}"
EndProject
Project("{FAE04EC0-301F-11D3-BF4B-00C04F79EFBC}") = "TooliRent.Infrastructure", "TooliRent.Infrastructure\TooliRent.Infrastructure.csproj", "{13F7C4BE-62EF-4192-B9FB-E25B9A22662D}"
	ProjectSection(ProjectDependencies) = postProject
		{CA06CFFE-DE76-4FE9-B4E8-8B06A9F5E49E} = {CA06CFFE-DE76-4FE9-B4E8-8B06A9F5E49E}
	EndProjectSection
EndProject
Project("{FAE04EC0-301F-11D3-BF4B-00C04F79EFBC}") = "TooliRent.Services", "TooliRent.Services\TooliRent.Services.csproj", "{BF5654E7-2363-46E5-A607-B4652EED8541}"
EndProject
Global
	GlobalSection(SolutionConfigurationPlatforms) = preSolution
		Debug|Any CPU = Debug|Any CPU
		Release|Any CPU = Release|Any CPU
	EndGlobalSection
	GlobalSection(ProjectConfigurationPlatforms) = postSolution
		{AA974FDA-2289-4C49-AE55-23BED79EE1E0}.Debug|Any CPU.ActiveCfg = Debug|Any CPU
		{AA974FDA-2289-4C49-AE55-23BED79EE1E0}.Debug|Any CPU.Build.0 = Debug|Any CPU
		{AA974FDA-2289-4C49-AE55-23BED79EE1E0}.Release|Any CPU.ActiveCfg = Release|Any CPU
		{AA974FDA-2289-4C49-AE55-23BED79EE1E0}.Release|Any CPU.Build.0 = Release|Any CPU
		{CA06CFFE-DE76-4FE9-B4E8-8B06A9F5E49E}.Debug|Any CPU.ActiveCfg = Debug|Any CPU
		{CA06CFFE-DE76-4FE9-B4E8-8B06A9F5E49E}.Debug|Any CPU.Build.0 = Debug|Any CPU
		{CA06CFFE-DE76-4FE9-B4E8-8B06A9F5E49E}.Release|Any CPU.ActiveCfg = Release|Any CPU
		{CA06CFFE-DE76-4FE9-B4E8-8B06A9F5E49E}.Release|Any CPU.Build.0 = Release|Any CPU
		{13F7C4BE-62EF-4192-B9FB-E25B9A22662D}.Debug|Any CPU.ActiveCfg = Debug|Any CPU
		{13F7C4BE-62EF-4192-B9FB-E25B9A22662D}.Debug|Any CPU.Build.0 = Debug|Any CPU
		{13F7C4BE-62EF-4192-B9FB-E25B9A22662D}.Release|Any CPU.ActiveCfg = Release|Any CPU
		{13F7C4BE-62EF-4192-B9FB-E25B9A22662D}.Release|Any CPU.Build.0 = Release|Any CPU
		{BF5654E7-2363-46E5-A607-B4652EED8541}.Debug|Any CPU.ActiveCfg = Debug|Any CPU
		{BF5654E7-2363-46E5-A607-B4652EED8541}.Debug|Any CPU.Build.0 = Debug|Any CPU
		{BF5654E7-2363-46E5-A607-B4652EED8541}.Release|Any CPU.ActiveCfg = Release|Any CPU
		{BF5654E7-2363-46E5-A607-B4652EED8541}.Release|Any CPU.Build.0 = Release|Any CPU
	EndGlobalSection
	GlobalSection(SolutionProperties) = preSolution
		HideSolutionNode = FALSE
	EndGlobalSection
	GlobalSection(ExtensibilityGlobals) = postSolution
		SolutionGuid = {3FC4FB9D-D6F2-45E1-886E-886CB688EA6F}
	EndGlobalSection
EndGlobal
